// !$*UTF8*$!
{
	archiveVersion = 1;
	classes = {
	};
	objectVersion = 46;
	objects = {

/* Begin PBXBuildFile section */
		DAC53A0612019F3900750FF1 /* tangent.png in Resources */ = {isa = PBXBuildFile; fileRef = DAC53A0412019F3900750FF1 /* tangent.png */; };
		DAC53A0712019F3900750FF1 /* sold.png in Resources */ = {isa = PBXBuildFile; fileRef = DAC53A0512019F3900750FF1 /* sold.png */; };
		DAC58E5A120104AB00433B39 /* UIKit.framework in Frameworks */ = {isa = PBXBuildFile; fileRef = DAC58E59120104AB00433B39 /* UIKit.framework */; };
		DAC58E5C120104AB00433B39 /* Foundation.framework in Frameworks */ = {isa = PBXBuildFile; fileRef = DAC58E5B120104AB00433B39 /* Foundation.framework */; };
		DAC58E5E120104AB00433B39 /* CoreGraphics.framework in Frameworks */ = {isa = PBXBuildFile; fileRef = DAC58E5D120104AB00433B39 /* CoreGraphics.framework */; };
		DAC58E63120104AB00433B39 /* InfoPlist.strings in Resources */ = {isa = PBXBuildFile; fileRef = DAC58E61120104AB00433B39 /* InfoPlist.strings */; };
		DAC58E65120104AB00433B39 /* main.m in Sources */ = {isa = PBXBuildFile; fileRef = DAC58E64120104AB00433B39 /* main.m */; };
		DAC58E68120104AB00433B39 /* SoldTangentAppDelegate.m in Sources */ = {isa = PBXBuildFile; fileRef = DAC58E67120104AB00433B39 /* SoldTangentAppDelegate.m */; };
		DAC58E6B120104AB00433B39 /* MainWindow.xib in Resources */ = {isa = PBXBuildFile; fileRef = DAC58E69120104AB00433B39 /* MainWindow.xib */; };
		DAC58E6E120104AB00433B39 /* MainViewController.m in Sources */ = {isa = PBXBuildFile; fileRef = DAC58E6D120104AB00433B39 /* MainViewController.m */; };
		DAC58E70120104AB00433B39 /* SoldView.xib in Resources */ = {isa = PBXBuildFile; fileRef = DAC58E6F120104AB00433B39 /* SoldView.xib */; };
		DAC58E73120104AB00433B39 /* TangentViewController.m in Sources */ = {isa = PBXBuildFile; fileRef = DAC58E72120104AB00433B39 /* TangentViewController.m */; };
		DAC58E75120104AB00433B39 /* TangentView.xib in Resources */ = {isa = PBXBuildFile; fileRef = DAC58E74120104AB00433B39 /* TangentView.xib */; };
/* End PBXBuildFile section */

/* Begin PBXFileReference section */
		DAC53A0412019F3900750FF1 /* tangent.png */ = {isa = PBXFileReference; lastKnownFileType = image.png; path = tangent.png; sourceTree = "<group>"; };
		DAC53A0512019F3900750FF1 /* sold.png */ = {isa = PBXFileReference; lastKnownFileType = image.png; path = sold.png; sourceTree = "<group>"; };
		DAC58E56120104AB00433B39 /* SoldTangent.app */ = {isa = PBXFileReference; explicitFileType = wrapper.application; includeInIndex = 0; path = SoldTangent.app; sourceTree = BUILT_PRODUCTS_DIR; };
		DAC58E59120104AB00433B39 /* UIKit.framework */ = {isa = PBXFileReference; lastKnownFileType = wrapper.framework; name = UIKit.framework; path = System/Library/Frameworks/UIKit.framework; sourceTree = SDKROOT; };
		DAC58E5B120104AB00433B39 /* Foundation.framework */ = {isa = PBXFileReference; lastKnownFileType = wrapper.framework; name = Foundation.framework; path = System/Library/Frameworks/Foundation.framework; sourceTree = SDKROOT; };
		DAC58E5D120104AB00433B39 /* CoreGraphics.framework */ = {isa = PBXFileReference; lastKnownFileType = wrapper.framework; name = CoreGraphics.framework; path = System/Library/Frameworks/CoreGraphics.framework; sourceTree = SDKROOT; };
		DAC58E5F120104AB00433B39 /* SoldTangent-Info.plist */ = {isa = PBXFileReference; lastKnownFileType = text.plist.xml; path = "SoldTangent-Info.plist"; sourceTree = "<group>"; };
		DAC58E60120104AB00433B39 /* SoldTangent_Prefix.pch */ = {isa = PBXFileReference; lastKnownFileType = sourcecode.c.h; path = SoldTangent_Prefix.pch; sourceTree = "<group>"; };
		DAC58E62120104AB00433B39 /* en */ = {isa = PBXFileReference; lastKnownFileType = text.plist.strings; name = en; path = en.lproj/InfoPlist.strings; sourceTree = "<group>"; };
		DAC58E64120104AB00433B39 /* main.m */ = {isa = PBXFileReference; lastKnownFileType = sourcecode.c.objc; path = main.m; sourceTree = "<group>"; };
		DAC58E66120104AB00433B39 /* SoldTangentAppDelegate.h */ = {isa = PBXFileReference; lastKnownFileType = sourcecode.c.h; path = SoldTangentAppDelegate.h; sourceTree = "<group>"; };
		DAC58E67120104AB00433B39 /* SoldTangentAppDelegate.m */ = {isa = PBXFileReference; lastKnownFileType = sourcecode.c.objc; path = SoldTangentAppDelegate.m; sourceTree = "<group>"; };
		DAC58E6A120104AB00433B39 /* en */ = {isa = PBXFileReference; lastKnownFileType = file.xib; name = en; path = en.lproj/MainWindow.xib; sourceTree = "<group>"; };
		DAC58E6C120104AB00433B39 /* MainViewController.h */ = {isa = PBXFileReference; lastKnownFileType = sourcecode.c.h; path = MainViewController.h; sourceTree = "<group>"; };
		DAC58E6D120104AB00433B39 /* MainViewController.m */ = {isa = PBXFileReference; lastKnownFileType = sourcecode.c.objc; path = MainViewController.m; sourceTree = "<group>"; };
		DAC58E6F120104AB00433B39 /* SoldView.xib */ = {isa = PBXFileReference; lastKnownFileType = file.xib; path = SoldView.xib; sourceTree = "<group>"; };
		DAC58E71120104AB00433B39 /* TangentViewController.h */ = {isa = PBXFileReference; path = TangentViewController.h; sourceTree = "<group>"; };
		DAC58E72120104AB00433B39 /* TangentViewController.m */ = {isa = PBXFileReference; lastKnownFileType = sourcecode.c.objc; path = TangentViewController.m; sourceTree = "<group>"; };
		DAC58E74120104AB00433B39 /* TangentView.xib */ = {isa = PBXFileReference; lastKnownFileType = file.xib; path = TangentView.xib; sourceTree = "<group>"; };
/* End PBXFileReference section */

/* Begin PBXFrameworksBuildPhase section */
		DAC58E53120104AB00433B39 /* Frameworks */ = {
			isa = PBXFrameworksBuildPhase;
			buildActionMask = 2147483647;
			files = (
				DAC58E5A120104AB00433B39 /* UIKit.framework in Frameworks */,
				DAC58E5C120104AB00433B39 /* Foundation.framework in Frameworks */,
				DAC58E5E120104AB00433B39 /* CoreGraphics.framework in Frameworks */,
			);
			runOnlyForDeploymentPostprocessing = 0;
		};
/* End PBXFrameworksBuildPhase section */

/* Begin PBXGroup section */
		DAC58E47120104AB00433B39 = {
			isa = PBXGroup;
			children = (
				DAC58E4E120104AB00433B39 /* Classes */,
				DAC58E4F120104AB00433B39 /* Other Sources */,
				DAC58E50120104AB00433B39 /* Resources */,
				DAC58E51120104AB00433B39 /* Frameworks */,
				DAC58E57120104AB00433B39 /* Products */,
			);
			sourceTree = "<group>";
		};
		DAC58E4E120104AB00433B39 /* Classes */ = {
			isa = PBXGroup;
			children = (
				DAC58E66120104AB00433B39 /* SoldTangentAppDelegate.h */,
				DAC58E67120104AB00433B39 /* SoldTangentAppDelegate.m */,
				DAC58E6C120104AB00433B39 /* MainViewController.h */,
				DAC58E6D120104AB00433B39 /* MainViewController.m */,
				DAC58E71120104AB00433B39 /* TangentViewController.h */,
				DAC58E72120104AB00433B39 /* TangentViewController.m */,
			);
			path = Classes;
			sourceTree = "<group>";
		};
		DAC58E4F120104AB00433B39 /* Other Sources */ = {
			isa = PBXGroup;
			children = (
				DAC58E60120104AB00433B39 /* SoldTangent_Prefix.pch */,
				DAC58E64120104AB00433B39 /* main.m */,
			);
			name = "Other Sources";
			sourceTree = "<group>";
		};
		DAC58E50120104AB00433B39 /* Resources */ = {
			isa = PBXGroup;
			children = (
				DAC53A0412019F3900750FF1 /* tangent.png */,
				DAC53A0512019F3900750FF1 /* sold.png */,
				DAC58E5F120104AB00433B39 /* SoldTangent-Info.plist */,
				DAC58E61120104AB00433B39 /* InfoPlist.strings */,
				DAC58E69120104AB00433B39 /* MainWindow.xib */,
				DAC58E6F120104AB00433B39 /* SoldView.xib */,
				DAC58E74120104AB00433B39 /* TangentView.xib */,
			);
			name = Resources;
			sourceTree = "<group>";
		};
		DAC58E51120104AB00433B39 /* Frameworks */ = {
			isa = PBXGroup;
			children = (
				DAC58E59120104AB00433B39 /* UIKit.framework */,
				DAC58E5B120104AB00433B39 /* Foundation.framework */,
				DAC58E5D120104AB00433B39 /* CoreGraphics.framework */,
			);
			name = Frameworks;
			sourceTree = "<group>";
		};
		DAC58E57120104AB00433B39 /* Products */ = {
			isa = PBXGroup;
			children = (
				DAC58E56120104AB00433B39 /* SoldTangent.app */,
			);
			name = Products;
			sourceTree = "<group>";
		};
/* End PBXGroup section */

/* Begin PBXNativeTarget section */
		DAC58E55120104AB00433B39 /* SoldTangent */ = {
			isa = PBXNativeTarget;
			buildConfigurationList = DAC58E78120104AB00433B39 /* Build configuration list for PBXNativeTarget "SoldTangent" */;
			buildPhases = (
				DAC58E52120104AB00433B39 /* Sources */,
				DAC58E53120104AB00433B39 /* Frameworks */,
				DAC58E54120104AB00433B39 /* Resources */,
			);
			buildRules = (
			);
			dependencies = (
			);
			name = SoldTangent;
			productName = SoldTangent;
			productReference = DAC58E56120104AB00433B39 /* SoldTangent.app */;
			productType = "com.apple.product-type.application";
		};
/* End PBXNativeTarget section */

/* Begin PBXProject section */
		DAC58E49120104AB00433B39 /* Project object */ = {
			isa = PBXProject;
			buildConfigurationList = DAC58E4C120104AB00433B39 /* Build configuration list for PBXProject "SoldTangent" */;
			compatibilityVersion = "Xcode 3.2";
			developmentRegion = English;
			hasScannedForEncodings = 0;
			knownRegions = (
				en,
			);
			mainGroup = DAC58E47120104AB00433B39;
			productRefGroup = DAC58E57120104AB00433B39 /* Products */;
			projectDirPath = "";
			projectRoot = "";
			targets = (
				DAC58E55120104AB00433B39 /* SoldTangent */,
			);
		};
/* End PBXProject section */

/* Begin PBXResourcesBuildPhase section */
		DAC58E54120104AB00433B39 /* Resources */ = {
			isa = PBXResourcesBuildPhase;
			buildActionMask = 2147483647;
			files = (
				DAC58E63120104AB00433B39 /* InfoPlist.strings in Resources */,
				DAC58E6B120104AB00433B39 /* MainWindow.xib in Resources */,
				DAC58E70120104AB00433B39 /* SoldView.xib in Resources */,
				DAC58E75120104AB00433B39 /* TangentView.xib in Resources */,
				DAC53A0612019F3900750FF1 /* tangent.png in Resources */,
				DAC53A0712019F3900750FF1 /* sold.png in Resources */,
			);
			runOnlyForDeploymentPostprocessing = 0;
		};
/* End PBXResourcesBuildPhase section */

/* Begin PBXSourcesBuildPhase section */
		DAC58E52120104AB00433B39 /* Sources */ = {
			isa = PBXSourcesBuildPhase;
			buildActionMask = 2147483647;
			files = (
				DAC58E65120104AB00433B39 /* main.m in Sources */,
				DAC58E68120104AB00433B39 /* SoldTangentAppDelegate.m in Sources */,
				DAC58E6E120104AB00433B39 /* MainViewController.m in Sources */,
				DAC58E73120104AB00433B39 /* TangentViewController.m in Sources */,
			);
			runOnlyForDeploymentPostprocessing = 0;
		};
/* End PBXSourcesBuildPhase section */

/* Begin PBXVariantGroup section */
		DAC58E61120104AB00433B39 /* InfoPlist.strings */ = {
			isa = PBXVariantGroup;
			children = (
				DAC58E62120104AB00433B39 /* en */,
			);
			name = InfoPlist.strings;
			sourceTree = "<group>";
		};
		DAC58E69120104AB00433B39 /* MainWindow.xib */ = {
			isa = PBXVariantGroup;
			children = (
				DAC58E6A120104AB00433B39 /* en */,
			);
			name = MainWindow.xib;
			sourceTree = "<group>";
		};
/* End PBXVariantGroup section */

/* Begin XCBuildConfiguration section */
		DAC58E76120104AB00433B39 /* Debug */ = {
			isa = XCBuildConfiguration;
			buildSettings = {
				ARCHS = "$(ARCHS_STANDARD_32_BIT)";
				"CODE_SIGN_IDENTITY[sdk=iphoneos*]" = "iPhone Developer";
				GCC_C_LANGUAGE_STANDARD = gnu99;
				GCC_OPTIMIZATION_LEVEL = 0;
				GCC_PREPROCESSOR_DEFINITIONS = DEBUG;
				GCC_WARN_ABOUT_RETURN_TYPE = YES;
				GCC_WARN_UNUSED_VARIABLE = YES;
				PREBINDING = NO;
				SDKROOT = iphoneos4.0;
			};
			name = Debug;
		};
		DAC58E77120104AB00433B39 /* Release */ = {
			isa = XCBuildConfiguration;
			buildSettings = {
				ARCHS = "$(ARCHS_STANDARD_32_BIT)";
				"CODE_SIGN_IDENTITY[sdk=iphoneos*]" = "iPhone Developer";
				GCC_C_LANGUAGE_STANDARD = gnu99;
				GCC_WARN_ABOUT_RETURN_TYPE = YES;
				GCC_WARN_UNUSED_VARIABLE = YES;
				OTHER_CFLAGS = "-DNS_BLOCK_ASSERTIONS=1";
				PREBINDING = NO;
				SDKROOT = iphoneos4.0;
			};
			name = Release;
		};
		DAC58E79120104AB00433B39 /* Debug */ = {
			isa = XCBuildConfiguration;
			buildSettings = {
				ALWAYS_SEARCH_USER_PATHS = NO;
				COPY_PHASE_STRIP = NO;
				GCC_DYNAMIC_NO_PIC = NO;
				GCC_PRECOMPILE_PREFIX_HEADER = YES;
				GCC_PREFIX_HEADER = SoldTangent_Prefix.pch;
				INFOPLIST_FILE = "SoldTangent-Info.plist";
				PRODUCT_NAME = SoldTangent;
				WRAPPER_EXTENSION = app;
			};
			name = Debug;
		};
		DAC58E7A120104AB00433B39 /* Release */ = {
			isa = XCBuildConfiguration;
			buildSettings = {
				ALWAYS_SEARCH_USER_PATHS = NO;
				COPY_PHASE_STRIP = YES;
				GCC_PRECOMPILE_PREFIX_HEADER = YES;
				GCC_PREFIX_HEADER = SoldTangent_Prefix.pch;
				INFOPLIST_FILE = "SoldTangent-Info.plist";
				PRODUCT_NAME = SoldTangent;
				VALIDATE_PRODUCT = YES;
				WRAPPER_EXTENSION = app;
			};
			name = Release;
		};
/* End XCBuildConfiguration section */

/* Begin XCConfigurationList section */
		DAC58E4C120104AB00433B39 /* Build configuration list for PBXProject "SoldTangent" */ = {
			isa = XCConfigurationList;
			buildConfigurations = (
				DAC58E76120104AB00433B39 /* Debug */,
				DAC58E77120104AB00433B39 /* Release */,
			);
			defaultConfigurationIsVisible = 0;
			defaultConfigurationName = Release;
		};
		DAC58E78120104AB00433B39 /* Build configuration list for PBXNativeTarget "SoldTangent" */ = {
			isa = XCConfigurationList;
			buildConfigurations = (
				DAC58E79120104AB00433B39 /* Debug */,
				DAC58E7A120104AB00433B39 /* Release */,
			);
			defaultConfigurationIsVisible = 0;
			defaultConfigurationName = Release;
		};
/* End XCConfigurationList section */
	};
	rootObject = DAC58E49120104AB00433B39 /* Project object */;
}
